
Microsoft Visual Studio Solution File, Format Version 12.00
# Visual Studio Version 17
VisualStudioVersion = 17.9.34714.143
MinimumVisualStudioVersion = 10.0.40219.1
Project("{2150E333-8FDC-42A3-9474-1A3956D46DE8}") = "Services", "Services", "{38E4846E-1128-4937-83E6-7946789D78F9}"
EndProject
Project("{2150E333-8FDC-42A3-9474-1A3956D46DE8}") = "Catalog", "Catalog", "{819D642D-FD9A-4FD5-ADFC-C786A952C37A}"
EndProject
Project("{FAE04EC0-301F-11D3-BF4B-00C04F79EFBC}") = "Catalog.API", "..\src\Services\Catalog\Catalog.API\Catalog.API.csproj", "{83418181-E70B-4E4C-A546-0541FB9124FB}"
EndProject
Project("{2150E333-8FDC-42A3-9474-1A3956D46DE8}") = "BuildingBlocks", "BuildingBlocks", "{5390967C-7670-4D5A-826D-FC72AF9A8A9D}"
EndProject
Project("{FAE04EC0-301F-11D3-BF4B-00C04F79EFBC}") = "BuildingBlocks", "..\src\BuildingBlocks\BuildingBlocks\BuildingBlocks.csproj", "{9EB517A5-7F55-4726-A376-65AAD8821496}"
EndProject
Global
	GlobalSection(SolutionConfigurationPlatforms) = preSolution
		Debug|Any CPU = Debug|Any CPU
		Release|Any CPU = Release|Any CPU
	EndGlobalSection
	GlobalSection(ProjectConfigurationPlatforms) = postSolution
		{83418181-E70B-4E4C-A546-0541FB9124FB}.Debug|Any CPU.ActiveCfg = Debug|Any CPU
		{83418181-E70B-4E4C-A546-0541FB9124FB}.Debug|Any CPU.Build.0 = Debug|Any CPU
		{83418181-E70B-4E4C-A546-0541FB9124FB}.Release|Any CPU.ActiveCfg = Release|Any CPU
		{83418181-E70B-4E4C-A546-0541FB9124FB}.Release|Any CPU.Build.0 = Release|Any CPU
		{9EB517A5-7F55-4726-A376-65AAD8821496}.Debug|Any CPU.ActiveCfg = Debug|Any CPU
		{9EB517A5-7F55-4726-A376-65AAD8821496}.Debug|Any CPU.Build.0 = Debug|Any CPU
		{9EB517A5-7F55-4726-A376-65AAD8821496}.Release|Any CPU.ActiveCfg = Release|Any CPU
		{9EB517A5-7F55-4726-A376-65AAD8821496}.Release|Any CPU.Build.0 = Release|Any CPU
	EndGlobalSection
	GlobalSection(SolutionProperties) = preSolution
		HideSolutionNode = FALSE
	EndGlobalSection
	GlobalSection(NestedProjects) = preSolution
		{819D642D-FD9A-4FD5-ADFC-C786A952C37A} = {38E4846E-1128-4937-83E6-7946789D78F9}
		{83418181-E70B-4E4C-A546-0541FB9124FB} = {819D642D-FD9A-4FD5-ADFC-C786A952C37A}
		{9EB517A5-7F55-4726-A376-65AAD8821496} = {5390967C-7670-4D5A-826D-FC72AF9A8A9D}
	EndGlobalSection
	GlobalSection(ExtensibilityGlobals) = postSolution
		SolutionGuid = {EB8FFAF2-5078-4342-9EB0-67AEC4E5478C}
	EndGlobalSection
EndGlobal
